
Microsoft Visual Studio Solution File, Format Version 12.00
# Visual Studio Version 17
VisualStudioVersion = 17.9.34607.119
MinimumVisualStudioVersion = 10.0.40219.1
Project("{FAE04EC0-301F-11D3-BF4B-00C04F79EFBC}") = "Taquizapp", "Taquizapp\Taquizapp.csproj", "{E03E0D3E-C814-40BC-BAB9-FF7657D58C28}"
EndProject
Global
	GlobalSection(SolutionConfigurationPlatforms) = preSolution
		Debug|Any CPU = Debug|Any CPU
		Release|Any CPU = Release|Any CPU
	EndGlobalSection
	GlobalSection(ProjectConfigurationPlatforms) = postSolution
		{E03E0D3E-C814-40BC-BAB9-FF7657D58C28}.Debug|Any CPU.ActiveCfg = Debug|Any CPU
		{E03E0D3E-C814-40BC-BAB9-FF7657D58C28}.Debug|Any CPU.Build.0 = Debug|Any CPU
		{E03E0D3E-C814-40BC-BAB9-FF7657D58C28}.Debug|Any CPU.Deploy.0 = Debug|Any CPU
		{E03E0D3E-C814-40BC-BAB9-FF7657D58C28}.Release|Any CPU.ActiveCfg = Release|Any CPU
		{E03E0D3E-C814-40BC-BAB9-FF7657D58C28}.Release|Any CPU.Build.0 = Release|Any CPU
		{E03E0D3E-C814-40BC-BAB9-FF7657D58C28}.Release|Any CPU.Deploy.0 = Release|Any CPU
	EndGlobalSection
	GlobalSection(SolutionProperties) = preSolution
		HideSolutionNode = FALSE
	EndGlobalSection
	GlobalSection(ExtensibilityGlobals) = postSolution
		SolutionGuid = {CB935B94-C676-43CC-8113-4182D1480520}
	EndGlobalSection
EndGlobal
